// !$*UTF8*$!
{
	archiveVersion = 1;
	classes = {
	};
	objectVersion = 77;
	objects = {

/* Begin PBXBuildFile section */
		03952634DD384755818785FA /* ../Sources/Construkt/Core/Builder/Builder+Gestures.swift in Sources */ = {isa = PBXBuildFile; fileRef = BFD0097C21B447A4A95D55FC /* ../Sources/Construkt/Core/Builder/Builder+Gestures.swift */; };
		041DEA992F2E2F1500267715 /* RxSwift in Frameworks */ = {isa = PBXBuildFile; productRef = 04B9BF262F2C9ED9006EB671 /* RxSwift */; };
		041DEA9A2F2E2F1500267715 /* Factory in Frameworks */ = {isa = PBXBuildFile; productRef = 04B9BF282F2C9ED9006EB671 /* Factory */; };
		041DEA9B2F2E2F1500267715 /* RxCocoa in Frameworks */ = {isa = PBXBuildFile; productRef = 04B9BF292F2C9ED9006EB671 /* RxCocoa */; };
		045B72EB2F308B2C0057CC0B /* SnapKit in Frameworks */ = {isa = PBXBuildFile; productRef = 045B72EA2F308B2C0057CC0B /* SnapKit */; };
		078D3F0BA82748CFBCEDC6AF /* ../Sources/Construkt/Core/Builder/Builder+Group.swift in Sources */ = {isa = PBXBuildFile; fileRef = C2B670D427DB4714B7CBDCC2 /* ../Sources/Construkt/Core/Builder/Builder+Group.swift */; };
		0BEC0895C01649F1B8FEFE94 /* ../Sources/Construkt/Core/Builder/Builder+Container.swift in Sources */ = {isa = PBXBuildFile; fileRef = 25DBB7D68DD847F3B2B9D576 /* ../Sources/Construkt/Core/Builder/Builder+Container.swift */; };
		237E24637F9341EBAC027691 /* ../Sources/Construkt/Core/Builder/Builder+Switch.swift in Sources */ = {isa = PBXBuildFile; fileRef = 6C4F3F46F90348B8BDF9CA00 /* ../Sources/Construkt/Core/Builder/Builder+Switch.swift */; };
		2A3CA6ED8BCF4362B16794DD /* ../Sources/Construkt/Core/Builder/Builder+Padding.swift in Sources */ = {isa = PBXBuildFile; fileRef = 0509B3F8237E4754901D2B5B /* ../Sources/Construkt/Core/Builder/Builder+Padding.swift */; };
		37EABBF0FD9887FD91DCD9C9 /* Binding+Operators.swift in Sources */ = {isa = PBXBuildFile; fileRef = 89851C435ABE41620AFC06C9 /* Binding+Operators.swift */; };
		40D90DAEE242424AB90D0F18 /* ../Sources/Construkt/Core/Extensions/UIColor+Extensions.swift in Sources */ = {isa = PBXBuildFile; fileRef = 9C51E5FDCFB84F9CAE311E08 /* ../Sources/Construkt/Core/Extensions/UIColor+Extensions.swift */; };
		429F80DA40504E059CF299AD /* ../Sources/Construkt/Core/Builder/Builder+With.swift in Sources */ = {isa = PBXBuildFile; fileRef = 9D803375B084440C9B7F8FC1 /* ../Sources/Construkt/Core/Builder/Builder+With.swift */; };
		43E776A3AC4F40FAA508112B /* ../Sources/Construkt/Core/Builder/Builder+Button.swift in Sources */ = {isa = PBXBuildFile; fileRef = 67D8C8FBF24148FE88C3BAE4 /* ../Sources/Construkt/Core/Builder/Builder+Button.swift */; };
		47659162773A4BB29AEE1125 /* ../Sources/Construkt/Core/Builder/Builder+ForEach.swift in Sources */ = {isa = PBXBuildFile; fileRef = 9A6E13B1818A476E929B0684 /* ../Sources/Construkt/Core/Builder/Builder+ForEach.swift */; };
		5092426B5E84125DE1A1E273 /* Signal.swift in Sources */ = {isa = PBXBuildFile; fileRef = BC4C516CE28A878424FAC522 /* Signal.swift */; };
		5AE8797D6D7D4F7FB4E35B4E /* ../Sources/Construkt/Core/Builder/Builder+Constraints.swift in Sources */ = {isa = PBXBuildFile; fileRef = 8F8C134D7B714E9DA91F4F36 /* ../Sources/Construkt/Core/Builder/Builder+Constraints.swift */; };
		6038817C271F4DC6A336B260 /* ../Sources/Construkt/Core/Builder/Builder+Label.swift in Sources */ = {isa = PBXBuildFile; fileRef = EEFFBC3D37EB4ED0B35597A3 /* ../Sources/Construkt/Core/Builder/Builder+Label.swift */; };
		73F5080F5F7D5A660ED56269 /* Property.swift in Sources */ = {isa = PBXBuildFile; fileRef = EA854BFF71240AD5AD8C512F /* Property.swift */; };
		785767F3B9FD6310BD47E093 /* CancelBag.swift in Sources */ = {isa = PBXBuildFile; fileRef = CBFE9015DE6AD44A5D87061A /* CancelBag.swift */; };
		7F65B624025742A5931BFE34 /* ../Sources/Construkt/Core/Builder/Builder+Attributes.swift in Sources */ = {isa = PBXBuildFile; fileRef = 13D1F6805CE34C30ADCD47D5 /* ../Sources/Construkt/Core/Builder/Builder+Attributes.swift */; };
		83D2519284EB40D8856147A1 /* ../Sources/Construkt/Core/Builder/Builder+Context.swift in Sources */ = {isa = PBXBuildFile; fileRef = 68197BC404F645DD9AA6C49E /* ../Sources/Construkt/Core/Builder/Builder+Context.swift */; };
		8761D63008404ED9A5C105FA /* ../Sources/Construkt/Core/Extensions/UIImage+Extensions.swift in Sources */ = {isa = PBXBuildFile; fileRef = B5EFC9E9D6D64E5DB82B8E05 /* ../Sources/Construkt/Core/Extensions/UIImage+Extensions.swift */; };
		8C89D9385BF3441D955F9B1D /* ../Sources/Construkt/Core/Builder/Builder+ZStack.swift in Sources */ = {isa = PBXBuildFile; fileRef = C8017567672C43B9B9B09A1F /* ../Sources/Construkt/Core/Builder/Builder+ZStack.swift */; };
		8FA91941BE5B4EC6B7F064E6 /* ../Sources/Construkt/Core/Builder/Builder+Navigation.swift in Sources */ = {isa = PBXBuildFile; fileRef = 231DBA0BAA2645F3B7C6DD7F /* ../Sources/Construkt/Core/Builder/Builder+Navigation.swift */; };
		9A2CCADF66C670D0E9EA7526 /* Binding.swift in Sources */ = {isa = PBXBuildFile; fileRef = 2066F8737A420E41B61EA334 /* Binding.swift */; };
		A14DF754654A4D58A495D40F /* ../Sources/Construkt/Core/Builder/Builder+Bindings.swift in Sources */ = {isa = PBXBuildFile; fileRef = A57886DBA0DA4F5191D172C4 /* ../Sources/Construkt/Core/Builder/Builder+Bindings.swift */; };
		A9B04F6A58BC4211A8E5F828 /* ../Sources/Construkt/Core/Builder/Builder+Variable.swift in Sources */ = {isa = PBXBuildFile; fileRef = 161F417CEDE54F45B73A59EE /* ../Sources/Construkt/Core/Builder/Builder+Variable.swift */; };
		B135F358D6904944B28E4BF0 /* ../Sources/Construkt/Core/Builder/Builder+View.swift in Sources */ = {isa = PBXBuildFile; fileRef = 7AE595A0F2D248E79FDE0E3A /* ../Sources/Construkt/Core/Builder/Builder+View.swift */; };
		BC8CED9B741D483ABAC9A1F1 /* ../Sources/Construkt/Core/Builder/Builder+Divider.swift in Sources */ = {isa = PBXBuildFile; fileRef = A984AE70FF7E4C9D87ECEB9A /* ../Sources/Construkt/Core/Builder/Builder+Divider.swift */; };
		BFCCE430473141CA9600CF49 /* ../Sources/Construkt/Core/Builder/Builder+ScrollView.swift in Sources */ = {isa = PBXBuildFile; fileRef = FAEF936B508E48D0BB98579D /* ../Sources/Construkt/Core/Builder/Builder+ScrollView.swift */; };
		C1BAF530263D4F84995F63D4 /* ../Sources/Construkt/Core/Builder/Builder+TableView.swift in Sources */ = {isa = PBXBuildFile; fileRef = 96ACC9641DFA44F69F4A6AC8 /* ../Sources/Construkt/Core/Builder/Builder+TableView.swift */; };
		C243D56E77734F559A6149F7 /* ../Sources/Construkt/Core/Builder/Builder+Controls.swift in Sources */ = {isa = PBXBuildFile; fileRef = 6F103ABD28964735A951E76D /* ../Sources/Construkt/Core/Builder/Builder+Controls.swift */; };
		C9AA0F8B0A8D46E4A89E020E /* ../Sources/Construkt/Core/Builder/Builder+Spacer.swift in Sources */ = {isa = PBXBuildFile; fileRef = 87CDB09644BE4D96BD721B7F /* ../Sources/Construkt/Core/Builder/Builder+Spacer.swift */; };
		CBAF0AB157B94AF1880D08C5 /* ../Sources/Construkt/Core/Builder/Builder+Image.swift in Sources */ = {isa = PBXBuildFile; fileRef = 7D36522D20884D679D512130 /* ../Sources/Construkt/Core/Builder/Builder+Image.swift */; };
		CD0FF4D2FC81488B8A1CABE3 /* ../Sources/Construkt/Core/Builder/Builder+Stack.swift in Sources */ = {isa = PBXBuildFile; fileRef = 6F4547F6D6354004B5CC26DB /* ../Sources/Construkt/Core/Builder/Builder+Stack.swift */; };
		CEF9BFDC303D4EA5B0B1D324 /* ../Sources/Construkt/Core/Builder/Builder+Dynamic.swift in Sources */ = {isa = PBXBuildFile; fileRef = C697567ADC5A4695A52A967D /* ../Sources/Construkt/Core/Builder/Builder+Dynamic.swift */; };
		D4545E109FA24B2EBFED6C24 /* ../Sources/Construkt/Core/Builder/Builder.swift in Sources */ = {isa = PBXBuildFile; fileRef = 369935568A3B445A9708F7B1 /* ../Sources/Construkt/Core/Builder/Builder.swift */; };
		DEE73F0EECDD4D51BABAD65A /* ../Sources/Construkt/Core/Builder/Builder+Extensions.swift in Sources */ = {isa = PBXBuildFile; fileRef = 1464296709AC466EB3972B1F /* ../Sources/Construkt/Core/Builder/Builder+Extensions.swift */; };
		E1BB2EA5A688422F9CA4809D /* ../Sources/Construkt/Core/Builder/Builder+Styles.swift in Sources */ = {isa = PBXBuildFile; fileRef = 0A876D1468C04F1093DC8008 /* ../Sources/Construkt/Core/Builder/Builder+Styles.swift */; };
		F8BCCBC6D4AC4F498167C539 /* ../Sources/Construkt/Core/Builder/Builder+TextField.swift in Sources */ = {isa = PBXBuildFile; fileRef = B6FDAE5363D843CAAFB5D2EF /* ../Sources/Construkt/Core/Builder/Builder+TextField.swift */; };
		F9DEAFCB8EAD4C53B39C381F /* ../Sources/Construkt/Core/Builder/Builder+ViewController.swift in Sources */ = {isa = PBXBuildFile; fileRef = 0F61AE85A06E476F8A148995 /* ../Sources/Construkt/Core/Builder/Builder+ViewController.swift */; };
/* End PBXBuildFile section */

/* Begin PBXFileReference section */
		0509B3F8237E4754901D2B5B /* ../Sources/Construkt/Core/Builder/Builder+Padding.swift */ = {isa = PBXFileReference; lastKnownFileType = sourcecode.swift; path = "../Sources/Construkt/Core/Builder/Builder+Padding.swift"; sourceTree = "<group>"; };
		0A876D1468C04F1093DC8008 /* ../Sources/Construkt/Core/Builder/Builder+Styles.swift */ = {isa = PBXFileReference; lastKnownFileType = sourcecode.swift; path = "../Sources/Construkt/Core/Builder/Builder+Styles.swift"; sourceTree = "<group>"; };
		0F61AE85A06E476F8A148995 /* ../Sources/Construkt/Core/Builder/Builder+ViewController.swift */ = {isa = PBXFileReference; lastKnownFileType = sourcecode.swift; path = "../Sources/Construkt/Core/Builder/Builder+ViewController.swift"; sourceTree = "<group>"; };
		12F6C339EDB961A71B9D71BA /* PosterCell.swift */ = {isa = PBXFileReference; includeInIndex = 1; lastKnownFileType = sourcecode.swift; path = PosterCell.swift; sourceTree = "<group>"; };
		13D1F6805CE34C30ADCD47D5 /* ../Sources/Construkt/Core/Builder/Builder+Attributes.swift */ = {isa = PBXFileReference; lastKnownFileType = sourcecode.swift; path = "../Sources/Construkt/Core/Builder/Builder+Attributes.swift"; sourceTree = "<group>"; };
		1464296709AC466EB3972B1F /* ../Sources/Construkt/Core/Builder/Builder+Extensions.swift */ = {isa = PBXFileReference; lastKnownFileType = sourcecode.swift; path = "../Sources/Construkt/Core/Builder/Builder+Extensions.swift"; sourceTree = "<group>"; };
		161F417CEDE54F45B73A59EE /* ../Sources/Construkt/Core/Builder/Builder+Variable.swift */ = {isa = PBXFileReference; lastKnownFileType = sourcecode.swift; path = "../Sources/Construkt/Core/Builder/Builder+Variable.swift"; sourceTree = "<group>"; };
		2066F8737A420E41B61EA334 /* Binding.swift */ = {isa = PBXFileReference; includeInIndex = 1; lastKnownFileType = sourcecode.swift; name = Binding.swift; path = ../Sources/Construkt/Core/Reactive/Binding.swift; sourceTree = "<group>"; };
		231DBA0BAA2645F3B7C6DD7F /* ../Sources/Construkt/Core/Builder/Builder+Navigation.swift */ = {isa = PBXFileReference; lastKnownFileType = sourcecode.swift; path = "../Sources/Construkt/Core/Builder/Builder+Navigation.swift"; sourceTree = "<group>"; };
		25DBB7D68DD847F3B2B9D576 /* ../Sources/Construkt/Core/Builder/Builder+Container.swift */ = {isa = PBXFileReference; lastKnownFileType = sourcecode.swift; path = "../Sources/Construkt/Core/Builder/Builder+Container.swift"; sourceTree = "<group>"; };
		369935568A3B445A9708F7B1 /* ../Sources/Construkt/Core/Builder/Builder.swift */ = {isa = PBXFileReference; lastKnownFileType = sourcecode.swift; path = ../Sources/Construkt/Core/Builder/Builder.swift; sourceTree = "<group>"; };
		50C3A0E59FEA3CA5A8DF68D1 /* MovieViewModel.swift */ = {isa = PBXFileReference; includeInIndex = 1; lastKnownFileType = sourcecode.swift; path = MovieViewModel.swift; sourceTree = "<group>"; };
		67D8C8FBF24148FE88C3BAE4 /* ../Sources/Construkt/Core/Builder/Builder+Button.swift */ = {isa = PBXFileReference; lastKnownFileType = sourcecode.swift; path = "../Sources/Construkt/Core/Builder/Builder+Button.swift"; sourceTree = "<group>"; };
		68197BC404F645DD9AA6C49E /* ../Sources/Construkt/Core/Builder/Builder+Context.swift */ = {isa = PBXFileReference; lastKnownFileType = sourcecode.swift; path = "../Sources/Construkt/Core/Builder/Builder+Context.swift"; sourceTree = "<group>"; };
		6C4F3F46F90348B8BDF9CA00 /* ../Sources/Construkt/Core/Builder/Builder+Switch.swift */ = {isa = PBXFileReference; lastKnownFileType = sourcecode.swift; path = "../Sources/Construkt/Core/Builder/Builder+Switch.swift"; sourceTree = "<group>"; };
		6F103ABD28964735A951E76D /* ../Sources/Construkt/Core/Builder/Builder+Controls.swift */ = {isa = PBXFileReference; lastKnownFileType = sourcecode.swift; path = "../Sources/Construkt/Core/Builder/Builder+Controls.swift"; sourceTree = "<group>"; };
		6F4547F6D6354004B5CC26DB /* ../Sources/Construkt/Core/Builder/Builder+Stack.swift */ = {isa = PBXFileReference; lastKnownFileType = sourcecode.swift; path = "../Sources/Construkt/Core/Builder/Builder+Stack.swift"; sourceTree = "<group>"; };
		7AE595A0F2D248E79FDE0E3A /* ../Sources/Construkt/Core/Builder/Builder+View.swift */ = {isa = PBXFileReference; lastKnownFileType = sourcecode.swift; path = "../Sources/Construkt/Core/Builder/Builder+View.swift"; sourceTree = "<group>"; };
		7C1602686C8AC3A26483F5D7 /* CustomNavigationBar.swift */ = {isa = PBXFileReference; includeInIndex = 1; lastKnownFileType = sourcecode.swift; path = CustomNavigationBar.swift; sourceTree = "<group>"; };
		7D36522D20884D679D512130 /* ../Sources/Construkt/Core/Builder/Builder+Image.swift */ = {isa = PBXFileReference; lastKnownFileType = sourcecode.swift; path = "../Sources/Construkt/Core/Builder/Builder+Image.swift"; sourceTree = "<group>"; };
		87CDB09644BE4D96BD721B7F /* ../Sources/Construkt/Core/Builder/Builder+Spacer.swift */ = {isa = PBXFileReference; lastKnownFileType = sourcecode.swift; path = "../Sources/Construkt/Core/Builder/Builder+Spacer.swift"; sourceTree = "<group>"; };
		8970B522AEC10DA428C43815 /* SharedViews.swift */ = {isa = PBXFileReference; includeInIndex = 1; lastKnownFileType = sourcecode.swift; path = SharedViews.swift; sourceTree = "<group>"; };
		89851C435ABE41620AFC06C9 /* Binding+Operators.swift */ = {isa = PBXFileReference; includeInIndex = 1; lastKnownFileType = sourcecode.swift; name = "Binding+Operators.swift"; path = "../Sources/Construkt/Core/Reactive/Binding+Operators.swift"; sourceTree = "<group>"; };
		8EEFDFB802EEE2D068882B8A /* HeroContentView.swift */ = {isa = PBXFileReference; includeInIndex = 1; lastKnownFileType = sourcecode.swift; path = HeroContentView.swift; sourceTree = "<group>"; };
		8F8C134D7B714E9DA91F4F36 /* ../Sources/Construkt/Core/Builder/Builder+Constraints.swift */ = {isa = PBXFileReference; lastKnownFileType = sourcecode.swift; path = "../Sources/Construkt/Core/Builder/Builder+Constraints.swift"; sourceTree = "<group>"; };
		95DB7F4C2EB70976003FE2F7 /* Construkt.app */ = {isa = PBXFileReference; explicitFileType = wrapper.application; includeInIndex = 0; path = Construkt.app; sourceTree = BUILT_PRODUCTS_DIR; };
		96ACC9641DFA44F69F4A6AC8 /* ../Sources/Construkt/Core/Builder/Builder+TableView.swift */ = {isa = PBXFileReference; lastKnownFileType = sourcecode.swift; path = "../Sources/Construkt/Core/Builder/Builder+TableView.swift"; sourceTree = "<group>"; };
		9A6E13B1818A476E929B0684 /* ../Sources/Construkt/Core/Builder/Builder+ForEach.swift */ = {isa = PBXFileReference; lastKnownFileType = sourcecode.swift; path = "../Sources/Construkt/Core/Builder/Builder+ForEach.swift"; sourceTree = "<group>"; };
		9B925FA1454D6AC980DA38D1 /* HomeSection.swift */ = {isa = PBXFileReference; includeInIndex = 1; lastKnownFileType = sourcecode.swift; path = HomeSection.swift; sourceTree = "<group>"; };
		9C51E5FDCFB84F9CAE311E08 /* ../Sources/Construkt/Core/Extensions/UIColor+Extensions.swift */ = {isa = PBXFileReference; lastKnownFileType = sourcecode.swift; path = "../Sources/Construkt/Core/Extensions/UIColor+Extensions.swift"; sourceTree = "<group>"; };
		9D803375B084440C9B7F8FC1 /* ../Sources/Construkt/Core/Builder/Builder+With.swift */ = {isa = PBXFileReference; lastKnownFileType = sourcecode.swift; path = "../Sources/Construkt/Core/Builder/Builder+With.swift"; sourceTree = "<group>"; };
		A57886DBA0DA4F5191D172C4 /* ../Sources/Construkt/Core/Builder/Builder+Bindings.swift */ = {isa = PBXFileReference; lastKnownFileType = sourcecode.swift; path = "../Sources/Construkt/Core/Builder/Builder+Bindings.swift"; sourceTree = "<group>"; };
		A8D284812CE95F09B201CF5B /* CustomNavigationBar.swift */ = {isa = PBXFileReference; includeInIndex = 1; lastKnownFileType = sourcecode.swift; path = CustomNavigationBar.swift; sourceTree = "<group>"; };
		A984AE70FF7E4C9D87ECEB9A /* ../Sources/Construkt/Core/Builder/Builder+Divider.swift */ = {isa = PBXFileReference; lastKnownFileType = sourcecode.swift; path = "../Sources/Construkt/Core/Builder/Builder+Divider.swift"; sourceTree = "<group>"; };
		B5EFC9E9D6D64E5DB82B8E05 /* ../Sources/Construkt/Core/Extensions/UIImage+Extensions.swift */ = {isa = PBXFileReference; lastKnownFileType = sourcecode.swift; path = "../Sources/Construkt/Core/Extensions/UIImage+Extensions.swift"; sourceTree = "<group>"; };
		B6FDAE5363D843CAAFB5D2EF /* ../Sources/Construkt/Core/Builder/Builder+TextField.swift */ = {isa = PBXFileReference; lastKnownFileType = sourcecode.swift; path = "../Sources/Construkt/Core/Builder/Builder+TextField.swift"; sourceTree = "<group>"; };
		BC4C516CE28A878424FAC522 /* Signal.swift */ = {isa = PBXFileReference; includeInIndex = 1; lastKnownFileType = sourcecode.swift; name = Signal.swift; path = ../Sources/Construkt/Core/Reactive/Signal.swift; sourceTree = "<group>"; };
		BFD0097C21B447A4A95D55FC /* ../Sources/Construkt/Core/Builder/Builder+Gestures.swift */ = {isa = PBXFileReference; lastKnownFileType = sourcecode.swift; path = "../Sources/Construkt/Core/Builder/Builder+Gestures.swift"; sourceTree = "<group>"; };
		C2B670D427DB4714B7CBDCC2 /* ../Sources/Construkt/Core/Builder/Builder+Group.swift */ = {isa = PBXFileReference; lastKnownFileType = sourcecode.swift; path = "../Sources/Construkt/Core/Builder/Builder+Group.swift"; sourceTree = "<group>"; };
		C3EBAB1199161EA6DD49A29D /* GradientView.swift */ = {isa = PBXFileReference; includeInIndex = 1; lastKnownFileType = sourcecode.swift; path = GradientView.swift; sourceTree = "<group>"; };
		C697567ADC5A4695A52A967D /* ../Sources/Construkt/Core/Builder/Builder+Dynamic.swift */ = {isa = PBXFileReference; lastKnownFileType = sourcecode.swift; path = "../Sources/Construkt/Core/Builder/Builder+Dynamic.swift"; sourceTree = "<group>"; };
		C8017567672C43B9B9B09A1F /* ../Sources/Construkt/Core/Builder/Builder+ZStack.swift */ = {isa = PBXFileReference; lastKnownFileType = sourcecode.swift; path = "../Sources/Construkt/Core/Builder/Builder+ZStack.swift"; sourceTree = "<group>"; };
		CBFE9015DE6AD44A5D87061A /* CancelBag.swift */ = {isa = PBXFileReference; includeInIndex = 1; lastKnownFileType = sourcecode.swift; name = CancelBag.swift; path = ../Sources/Construkt/Core/Reactive/CancelBag.swift; sourceTree = "<group>"; };
		EA854BFF71240AD5AD8C512F /* Property.swift */ = {isa = PBXFileReference; includeInIndex = 1; lastKnownFileType = sourcecode.swift; name = Property.swift; path = ../Sources/Construkt/Core/Reactive/Property.swift; sourceTree = "<group>"; };
		EEFFBC3D37EB4ED0B35597A3 /* ../Sources/Construkt/Core/Builder/Builder+Label.swift */ = {isa = PBXFileReference; lastKnownFileType = sourcecode.swift; path = "../Sources/Construkt/Core/Builder/Builder+Label.swift"; sourceTree = "<group>"; };
		FAEF936B508E48D0BB98579D /* ../Sources/Construkt/Core/Builder/Builder+ScrollView.swift */ = {isa = PBXFileReference; lastKnownFileType = sourcecode.swift; path = "../Sources/Construkt/Core/Builder/Builder+ScrollView.swift"; sourceTree = "<group>"; };
/* End PBXFileReference section */

/* Begin PBXFileSystemSynchronizedBuildFileExceptionSet section */
		040DB5D92F2C9EA800CE57FA /* Exceptions for "Construkt" folder in "Construkt" target */ = {
			isa = PBXFileSystemSynchronizedBuildFileExceptionSet;
			membershipExceptions = (
				Info.plist,
			);
			target = 95DB7F4B2EB70976003FE2F7 /* Construkt */;
		};
/* End PBXFileSystemSynchronizedBuildFileExceptionSet section */

/* Begin PBXFileSystemSynchronizedRootGroup section */
		04B9BF222F2C9ED9006EB671 /* ../Sources */ = {
			isa = PBXFileSystemSynchronizedRootGroup;
			path = ../Sources;
			sourceTree = "<group>";
		};
		95DB7F4E2EB70976003FE2F7 /* Construkt */ = {
			isa = PBXFileSystemSynchronizedRootGroup;
			exceptions = (
				040DB5D92F2C9EA800CE57FA /* Exceptions for "Construkt" folder in "Construkt" target */,
			);
			path = Construkt;
			sourceTree = "<group>";
		};
/* End PBXFileSystemSynchronizedRootGroup section */

/* Begin PBXFrameworksBuildPhase section */
		95DB7F492EB70976003FE2F7 /* Frameworks */ = {
			isa = PBXFrameworksBuildPhase;
			buildActionMask = 2147483647;
			files = (
				041DEA9B2F2E2F1500267715 /* RxCocoa in Frameworks */,
				045B72EB2F308B2C0057CC0B /* SnapKit in Frameworks */,
				041DEA9A2F2E2F1500267715 /* Factory in Frameworks */,
				041DEA992F2E2F1500267715 /* RxSwift in Frameworks */,
			);
			runOnlyForDeploymentPostprocessing = 0;
		};
/* End PBXFrameworksBuildPhase section */

/* Begin PBXGroup section */
		02A4ECEBF82E2ED82450B100 /* Features */ = {
			isa = PBXGroup;
			children = (
				765C0EC99CB7B72F57F5323A /* Home */,
				FA87469A709B1D16D302E89C /* Shared */,
			);
			name = Features;
			sourceTree = "<group>";
		};
		14E4B44EBE04B8AACA3A3A32 /* Construkt */ = {
			isa = PBXGroup;
			children = (
				6B998A6FE503E71510D8180F /* Application */,
			);
			name = Construkt;
			sourceTree = "<group>";
		};
		61AE090CB390558B5254440C /* Common */ = {
			isa = PBXGroup;
			children = (
				757360B2EE099E2ECFABBACD /* Views */,
			);
			name = Common;
			sourceTree = "<group>";
		};
		6B998A6FE503E71510D8180F /* Application */ = {
			isa = PBXGroup;
			children = (
				02A4ECEBF82E2ED82450B100 /* Features */,
				61AE090CB390558B5254440C /* Common */,
			);
			name = Application;
			sourceTree = "<group>";
		};
		6CD618714A64C6518C0A4875 /* Components */ = {
			isa = PBXGroup;
			children = (
				8EEFDFB802EEE2D068882B8A /* HeroContentView.swift */,
				A8D284812CE95F09B201CF5B /* CustomNavigationBar.swift */,
			);
			name = Components;
			sourceTree = "<group>";
		};
		757360B2EE099E2ECFABBACD /* Views */ = {
			isa = PBXGroup;
			children = (
				C3EBAB1199161EA6DD49A29D /* GradientView.swift */,
				8970B522AEC10DA428C43815 /* SharedViews.swift */,
				7C1602686C8AC3A26483F5D7 /* CustomNavigationBar.swift */,
			);
			name = Views;
			sourceTree = "<group>";
		};
		765C0EC99CB7B72F57F5323A /* Home */ = {
			isa = PBXGroup;
			children = (
				6CD618714A64C6518C0A4875 /* Components */,
				7A211822E9CE14BFD8DE5BB4 /* Cells */,
				772CCEE40360A8F6CB2F866F /* Models */,
			);
			name = Home;
			sourceTree = "<group>";
		};
		772CCEE40360A8F6CB2F866F /* Models */ = {
			isa = PBXGroup;
			children = (
				9B925FA1454D6AC980DA38D1 /* HomeSection.swift */,
			);
			name = Models;
			sourceTree = "<group>";
		};
		7A211822E9CE14BFD8DE5BB4 /* Cells */ = {
			isa = PBXGroup;
			children = (
				12F6C339EDB961A71B9D71BA /* PosterCell.swift */,
			);
			name = Cells;
			sourceTree = "<group>";
		};
		8758924ADED64BB5995EB76D /* Sources */ = {
			isa = PBXGroup;
			children = (
				13D1F6805CE34C30ADCD47D5 /* ../Sources/Construkt/Core/Builder/Builder+Attributes.swift */,
				67D8C8FBF24148FE88C3BAE4 /* ../Sources/Construkt/Core/Builder/Builder+Button.swift */,
				8F8C134D7B714E9DA91F4F36 /* ../Sources/Construkt/Core/Builder/Builder+Constraints.swift */,
				25DBB7D68DD847F3B2B9D576 /* ../Sources/Construkt/Core/Builder/Builder+Container.swift */,
				68197BC404F645DD9AA6C49E /* ../Sources/Construkt/Core/Builder/Builder+Context.swift */,
				6F103ABD28964735A951E76D /* ../Sources/Construkt/Core/Builder/Builder+Controls.swift */,
				A984AE70FF7E4C9D87ECEB9A /* ../Sources/Construkt/Core/Builder/Builder+Divider.swift */,
				C697567ADC5A4695A52A967D /* ../Sources/Construkt/Core/Builder/Builder+Dynamic.swift */,
				1464296709AC466EB3972B1F /* ../Sources/Construkt/Core/Builder/Builder+Extensions.swift */,
				9A6E13B1818A476E929B0684 /* ../Sources/Construkt/Core/Builder/Builder+ForEach.swift */,
				BFD0097C21B447A4A95D55FC /* ../Sources/Construkt/Core/Builder/Builder+Gestures.swift */,
				C2B670D427DB4714B7CBDCC2 /* ../Sources/Construkt/Core/Builder/Builder+Group.swift */,
				7D36522D20884D679D512130 /* ../Sources/Construkt/Core/Builder/Builder+Image.swift */,
				EEFFBC3D37EB4ED0B35597A3 /* ../Sources/Construkt/Core/Builder/Builder+Label.swift */,
				231DBA0BAA2645F3B7C6DD7F /* ../Sources/Construkt/Core/Builder/Builder+Navigation.swift */,
				0509B3F8237E4754901D2B5B /* ../Sources/Construkt/Core/Builder/Builder+Padding.swift */,
				A57886DBA0DA4F5191D172C4 /* ../Sources/Construkt/Core/Builder/Builder+Bindings.swift */,
				FAEF936B508E48D0BB98579D /* ../Sources/Construkt/Core/Builder/Builder+ScrollView.swift */,
				87CDB09644BE4D96BD721B7F /* ../Sources/Construkt/Core/Builder/Builder+Spacer.swift */,
				6F4547F6D6354004B5CC26DB /* ../Sources/Construkt/Core/Builder/Builder+Stack.swift */,
				0A876D1468C04F1093DC8008 /* ../Sources/Construkt/Core/Builder/Builder+Styles.swift */,
				6C4F3F46F90348B8BDF9CA00 /* ../Sources/Construkt/Core/Builder/Builder+Switch.swift */,
				96ACC9641DFA44F69F4A6AC8 /* ../Sources/Construkt/Core/Builder/Builder+TableView.swift */,
				B6FDAE5363D843CAAFB5D2EF /* ../Sources/Construkt/Core/Builder/Builder+TextField.swift */,
				161F417CEDE54F45B73A59EE /* ../Sources/Construkt/Core/Builder/Builder+Variable.swift */,
				7AE595A0F2D248E79FDE0E3A /* ../Sources/Construkt/Core/Builder/Builder+View.swift */,
				0F61AE85A06E476F8A148995 /* ../Sources/Construkt/Core/Builder/Builder+ViewController.swift */,
				9D803375B084440C9B7F8FC1 /* ../Sources/Construkt/Core/Builder/Builder+With.swift */,
				C8017567672C43B9B9B09A1F /* ../Sources/Construkt/Core/Builder/Builder+ZStack.swift */,
				369935568A3B445A9708F7B1 /* ../Sources/Construkt/Core/Builder/Builder.swift */,
				9C51E5FDCFB84F9CAE311E08 /* ../Sources/Construkt/Core/Extensions/UIColor+Extensions.swift */,
				B5EFC9E9D6D64E5DB82B8E05 /* ../Sources/Construkt/Core/Extensions/UIImage+Extensions.swift */,
			);
			name = Sources;
			sourceTree = "<group>";
		};
		95DB7F432EB70976003FE2F7 = {
			isa = PBXGroup;
			children = (
				8758924ADED64BB5995EB76D /* Sources */,
				04B9BF222F2C9ED9006EB671 /* ../Sources */,
				95DB7F4E2EB70976003FE2F7 /* Construkt */,
				95DB7F4D2EB70976003FE2F7 /* Products */,
				14E4B44EBE04B8AACA3A3A32 /* Construkt */,
				2066F8737A420E41B61EA334 /* Binding.swift */,
				EA854BFF71240AD5AD8C512F /* Property.swift */,
				BC4C516CE28A878424FAC522 /* Signal.swift */,
				CBFE9015DE6AD44A5D87061A /* CancelBag.swift */,
				89851C435ABE41620AFC06C9 /* Binding+Operators.swift */,
			);
			sourceTree = "<group>";
		};
		95DB7F4D2EB70976003FE2F7 /* Products */ = {
			isa = PBXGroup;
			children = (
				95DB7F4C2EB70976003FE2F7 /* Construkt.app */,
			);
			name = Products;
			sourceTree = "<group>";
		};
		FA87469A709B1D16D302E89C /* Shared */ = {
			isa = PBXGroup;
			children = (
				50C3A0E59FEA3CA5A8DF68D1 /* MovieViewModel.swift */,
			);
			name = Shared;
			sourceTree = "<group>";
		};
/* End PBXGroup section */

/* Begin PBXNativeTarget section */
		95DB7F4B2EB70976003FE2F7 /* Construkt */ = {
			isa = PBXNativeTarget;
			buildConfigurationList = 95DB7F752EB70977003FE2F7 /* Build configuration list for PBXNativeTarget "Construkt" */;
			buildPhases = (
				95DB7F482EB70976003FE2F7 /* Sources */,
				95DB7F492EB70976003FE2F7 /* Frameworks */,
				95DB7F4A2EB70976003FE2F7 /* Resources */,
			);
			buildRules = (
			);
			dependencies = (
			);
			fileSystemSynchronizedGroups = (
				04B9BF222F2C9ED9006EB671 /* ../Sources */,
				95DB7F4E2EB70976003FE2F7 /* Construkt */,
			);
			name = Construkt;
			packageProductDependencies = (
				04B9BF262F2C9ED9006EB671 /* RxSwift */,
				04B9BF282F2C9ED9006EB671 /* Factory */,
				04B9BF292F2C9ED9006EB671 /* RxCocoa */,
				045B72EA2F308B2C0057CC0B /* SnapKit */,
			);
			productName = Construkt;
			productReference = 95DB7F4C2EB70976003FE2F7 /* Construkt.app */;
			productType = "com.apple.product-type.application";
		};
/* End PBXNativeTarget section */

/* Begin PBXProject section */
		95DB7F442EB70976003FE2F7 /* Project object */ = {
			isa = PBXProject;
			attributes = {
				BuildIndependentTargetsInParallel = 1;
				LastSwiftUpdateCheck = 1640;
				LastUpgradeCheck = 1640;
				TargetAttributes = {
					95DB7F4B2EB70976003FE2F7 = {
						CreatedOnToolsVersion = 16.4;
					};
				};
			};
			buildConfigurationList = 95DB7F472EB70976003FE2F7 /* Build configuration list for PBXProject "Construkt" */;
			developmentRegion = en;
			hasScannedForEncodings = 0;
			knownRegions = (
				en,
				Base,
			);
			mainGroup = 95DB7F432EB70976003FE2F7;
			minimizedProjectReferenceProxies = 1;
			packageReferences = (
				04B9BF252F2C9ED9006EB671 /* XCRemoteSwiftPackageReference "RxSwift" */,
				04B9BF272F2C9ED9006EB671 /* XCRemoteSwiftPackageReference "Factory" */,
				045B72E92F308B2C0057CC0B /* XCRemoteSwiftPackageReference "SnapKit" */,
			);
			preferredProjectObjectVersion = 77;
			productRefGroup = 95DB7F4D2EB70976003FE2F7 /* Products */;
			projectDirPath = "";
			projectRoot = "";
			targets = (
				95DB7F4B2EB70976003FE2F7 /* Construkt */,
			);
		};
/* End PBXProject section */

/* Begin PBXResourcesBuildPhase section */
		95DB7F4A2EB70976003FE2F7 /* Resources */ = {
			isa = PBXResourcesBuildPhase;
			buildActionMask = 2147483647;
			files = (
			);
			runOnlyForDeploymentPostprocessing = 0;
		};
/* End PBXResourcesBuildPhase section */

/* Begin PBXSourcesBuildPhase section */
		95DB7F482EB70976003FE2F7 /* Sources */ = {
			isa = PBXSourcesBuildPhase;
			buildActionMask = 2147483647;
			files = (
				7F65B624025742A5931BFE34 /* ../Sources/Construkt/Core/Builder/Builder+Attributes.swift in Sources */,
				43E776A3AC4F40FAA508112B /* ../Sources/Construkt/Core/Builder/Builder+Button.swift in Sources */,
				5AE8797D6D7D4F7FB4E35B4E /* ../Sources/Construkt/Core/Builder/Builder+Constraints.swift in Sources */,
				0BEC0895C01649F1B8FEFE94 /* ../Sources/Construkt/Core/Builder/Builder+Container.swift in Sources */,
				83D2519284EB40D8856147A1 /* ../Sources/Construkt/Core/Builder/Builder+Context.swift in Sources */,
				C243D56E77734F559A6149F7 /* ../Sources/Construkt/Core/Builder/Builder+Controls.swift in Sources */,
				BC8CED9B741D483ABAC9A1F1 /* ../Sources/Construkt/Core/Builder/Builder+Divider.swift in Sources */,
				CEF9BFDC303D4EA5B0B1D324 /* ../Sources/Construkt/Core/Builder/Builder+Dynamic.swift in Sources */,
				DEE73F0EECDD4D51BABAD65A /* ../Sources/Construkt/Core/Builder/Builder+Extensions.swift in Sources */,
				47659162773A4BB29AEE1125 /* ../Sources/Construkt/Core/Builder/Builder+ForEach.swift in Sources */,
				03952634DD384755818785FA /* ../Sources/Construkt/Core/Builder/Builder+Gestures.swift in Sources */,
				078D3F0BA82748CFBCEDC6AF /* ../Sources/Construkt/Core/Builder/Builder+Group.swift in Sources */,
				CBAF0AB157B94AF1880D08C5 /* ../Sources/Construkt/Core/Builder/Builder+Image.swift in Sources */,
				6038817C271F4DC6A336B260 /* ../Sources/Construkt/Core/Builder/Builder+Label.swift in Sources */,
				8FA91941BE5B4EC6B7F064E6 /* ../Sources/Construkt/Core/Builder/Builder+Navigation.swift in Sources */,
				2A3CA6ED8BCF4362B16794DD /* ../Sources/Construkt/Core/Builder/Builder+Padding.swift in Sources */,
				A14DF754654A4D58A495D40F /* ../Sources/Construkt/Core/Builder/Builder+Bindings.swift in Sources */,
				BFCCE430473141CA9600CF49 /* ../Sources/Construkt/Core/Builder/Builder+ScrollView.swift in Sources */,
				C9AA0F8B0A8D46E4A89E020E /* ../Sources/Construkt/Core/Builder/Builder+Spacer.swift in Sources */,
				CD0FF4D2FC81488B8A1CABE3 /* ../Sources/Construkt/Core/Builder/Builder+Stack.swift in Sources */,
				E1BB2EA5A688422F9CA4809D /* ../Sources/Construkt/Core/Builder/Builder+Styles.swift in Sources */,
				237E24637F9341EBAC027691 /* ../Sources/Construkt/Core/Builder/Builder+Switch.swift in Sources */,
				C1BAF530263D4F84995F63D4 /* ../Sources/Construkt/Core/Builder/Builder+TableView.swift in Sources */,
				F8BCCBC6D4AC4F498167C539 /* ../Sources/Construkt/Core/Builder/Builder+TextField.swift in Sources */,
				A9B04F6A58BC4211A8E5F828 /* ../Sources/Construkt/Core/Builder/Builder+Variable.swift in Sources */,
				B135F358D6904944B28E4BF0 /* ../Sources/Construkt/Core/Builder/Builder+View.swift in Sources */,
				F9DEAFCB8EAD4C53B39C381F /* ../Sources/Construkt/Core/Builder/Builder+ViewController.swift in Sources */,
				429F80DA40504E059CF299AD /* ../Sources/Construkt/Core/Builder/Builder+With.swift in Sources */,
				8C89D9385BF3441D955F9B1D /* ../Sources/Construkt/Core/Builder/Builder+ZStack.swift in Sources */,
				D4545E109FA24B2EBFED6C24 /* ../Sources/Construkt/Core/Builder/Builder.swift in Sources */,
				40D90DAEE242424AB90D0F18 /* ../Sources/Construkt/Core/Extensions/UIColor+Extensions.swift in Sources */,
				8761D63008404ED9A5C105FA /* ../Sources/Construkt/Core/Extensions/UIImage+Extensions.swift in Sources */,
				9A2CCADF66C670D0E9EA7526 /* Binding.swift in Sources */,
				73F5080F5F7D5A660ED56269 /* Property.swift in Sources */,
				5092426B5E84125DE1A1E273 /* Signal.swift in Sources */,
				785767F3B9FD6310BD47E093 /* CancelBag.swift in Sources */,
				37EABBF0FD9887FD91DCD9C9 /* Binding+Operators.swift in Sources */,
			);
			runOnlyForDeploymentPostprocessing = 0;
		};
/* End PBXSourcesBuildPhase section */

/* Begin XCBuildConfiguration section */
		95DB7F762EB70977003FE2F7 /* Debug */ = {
			isa = XCBuildConfiguration;
			buildSettings = {
				ASSETCATALOG_COMPILER_APPICON_NAME = AppIcon;
				ASSETCATALOG_COMPILER_GLOBAL_ACCENT_COLOR_NAME = AccentColor;
				CODE_SIGN_STYLE = Automatic;
				CURRENT_PROJECT_VERSION = 1;
				DEVELOPMENT_TEAM = AM6A64NDM6;
				GENERATE_INFOPLIST_FILE = YES;
				INFOPLIST_FILE = Construkt/Info.plist;
				INFOPLIST_KEY_UIApplicationSupportsIndirectInputEvents = YES;
				INFOPLIST_KEY_UILaunchStoryboardName = LaunchScreen;
				INFOPLIST_KEY_UISupportedInterfaceOrientations_iPad = "UIInterfaceOrientationPortrait UIInterfaceOrientationPortraitUpsideDown UIInterfaceOrientationLandscapeLeft UIInterfaceOrientationLandscapeRight";
				INFOPLIST_KEY_UISupportedInterfaceOrientations_iPhone = "UIInterfaceOrientationPortrait UIInterfaceOrientationLandscapeLeft UIInterfaceOrientationLandscapeRight";
				IPHONEOS_DEPLOYMENT_TARGET = 15.0;
				LD_RUNPATH_SEARCH_PATHS = (
					"$(inherited)",
					"@executable_path/Frameworks",
				);
				MARKETING_VERSION = 1.0;
				PRODUCT_BUNDLE_IDENTIFIER = com.koanba.Construkt;
				PRODUCT_NAME = "$(TARGET_NAME)";
				SWIFT_EMIT_LOC_STRINGS = YES;
				SWIFT_VERSION = 5.0;
				TARGETED_DEVICE_FAMILY = "1,2";
			};
			name = Debug;
		};
		95DB7F772EB70977003FE2F7 /* Release */ = {
			isa = XCBuildConfiguration;
			buildSettings = {
				ASSETCATALOG_COMPILER_APPICON_NAME = AppIcon;
				ASSETCATALOG_COMPILER_GLOBAL_ACCENT_COLOR_NAME = AccentColor;
				CODE_SIGN_STYLE = Automatic;
				CURRENT_PROJECT_VERSION = 1;
				DEVELOPMENT_TEAM = AM6A64NDM6;
				GENERATE_INFOPLIST_FILE = YES;
				INFOPLIST_FILE = Construkt/Info.plist;
				INFOPLIST_KEY_UIApplicationSupportsIndirectInputEvents = YES;
				INFOPLIST_KEY_UILaunchStoryboardName = LaunchScreen;
				INFOPLIST_KEY_UISupportedInterfaceOrientations_iPad = "UIInterfaceOrientationPortrait UIInterfaceOrientationPortraitUpsideDown UIInterfaceOrientationLandscapeLeft UIInterfaceOrientationLandscapeRight";
				INFOPLIST_KEY_UISupportedInterfaceOrientations_iPhone = "UIInterfaceOrientationPortrait UIInterfaceOrientationLandscapeLeft UIInterfaceOrientationLandscapeRight";
				IPHONEOS_DEPLOYMENT_TARGET = 15.0;
				LD_RUNPATH_SEARCH_PATHS = (
					"$(inherited)",
					"@executable_path/Frameworks",
				);
				MARKETING_VERSION = 1.0;
				PRODUCT_BUNDLE_IDENTIFIER = com.koanba.Construkt;
				PRODUCT_NAME = "$(TARGET_NAME)";
				SWIFT_EMIT_LOC_STRINGS = YES;
				SWIFT_VERSION = 5.0;
				TARGETED_DEVICE_FAMILY = "1,2";
			};
			name = Release;
		};
		95DB7F782EB70977003FE2F7 /* Debug */ = {
			isa = XCBuildConfiguration;
			buildSettings = {
				ALWAYS_SEARCH_USER_PATHS = NO;
				ASSETCATALOG_COMPILER_GENERATE_SWIFT_ASSET_SYMBOL_EXTENSIONS = YES;
				CLANG_ANALYZER_NONNULL = YES;
				CLANG_ANALYZER_NUMBER_OBJECT_CONVERSION = YES_AGGRESSIVE;
				CLANG_CXX_LANGUAGE_STANDARD = "gnu++20";
				CLANG_ENABLE_MODULES = YES;
				CLANG_ENABLE_OBJC_ARC = YES;
				CLANG_ENABLE_OBJC_WEAK = YES;
				CLANG_WARN_BLOCK_CAPTURE_AUTORELEASING = YES;
				CLANG_WARN_BOOL_CONVERSION = YES;
				CLANG_WARN_COMMA = YES;
				CLANG_WARN_CONSTANT_CONVERSION = YES;
				CLANG_WARN_DEPRECATED_OBJC_IMPLEMENTATIONS = YES;
				CLANG_WARN_DIRECT_OBJC_ISA_USAGE = YES_ERROR;
				CLANG_WARN_DOCUMENTATION_COMMENTS = YES;
				CLANG_WARN_EMPTY_BODY = YES;
				CLANG_WARN_ENUM_CONVERSION = YES;
				CLANG_WARN_INFINITE_RECURSION = YES;
				CLANG_WARN_INT_CONVERSION = YES;
				CLANG_WARN_NON_LITERAL_NULL_CONVERSION = YES;
				CLANG_WARN_OBJC_IMPLICIT_RETAIN_SELF = YES;
				CLANG_WARN_OBJC_LITERAL_CONVERSION = YES;
				CLANG_WARN_OBJC_ROOT_CLASS = YES_ERROR;
				CLANG_WARN_QUOTED_INCLUDE_IN_FRAMEWORK_HEADER = YES;
				CLANG_WARN_RANGE_LOOP_ANALYSIS = YES;
				CLANG_WARN_STRICT_PROTOTYPES = YES;
				CLANG_WARN_SUSPICIOUS_MOVE = YES;
				CLANG_WARN_UNGUARDED_AVAILABILITY = YES_AGGRESSIVE;
				CLANG_WARN_UNREACHABLE_CODE = YES;
				CLANG_WARN__DUPLICATE_METHOD_MATCH = YES;
				COPY_PHASE_STRIP = NO;
				DEBUG_INFORMATION_FORMAT = dwarf;
				DEVELOPMENT_TEAM = AM6A64NDM6;
				ENABLE_STRICT_OBJC_MSGSEND = YES;
				ENABLE_TESTABILITY = YES;
				ENABLE_USER_SCRIPT_SANDBOXING = YES;
				GCC_C_LANGUAGE_STANDARD = gnu17;
				GCC_DYNAMIC_NO_PIC = NO;
				GCC_NO_COMMON_BLOCKS = YES;
				GCC_OPTIMIZATION_LEVEL = 0;
				GCC_PREPROCESSOR_DEFINITIONS = (
					"DEBUG=1",
					"$(inherited)",
				);
				GCC_WARN_64_TO_32_BIT_CONVERSION = YES;
				GCC_WARN_ABOUT_RETURN_TYPE = YES_ERROR;
				GCC_WARN_UNDECLARED_SELECTOR = YES;
				GCC_WARN_UNINITIALIZED_AUTOS = YES_AGGRESSIVE;
				GCC_WARN_UNUSED_FUNCTION = YES;
				GCC_WARN_UNUSED_VARIABLE = YES;
				IPHONEOS_DEPLOYMENT_TARGET = 18.5;
				LOCALIZATION_PREFERS_STRING_CATALOGS = YES;
				MTL_ENABLE_DEBUG_INFO = INCLUDE_SOURCE;
				MTL_FAST_MATH = YES;
				ONLY_ACTIVE_ARCH = YES;
				SDKROOT = iphoneos;
				SWIFT_ACTIVE_COMPILATION_CONDITIONS = "DEBUG $(inherited)";
				SWIFT_OPTIMIZATION_LEVEL = "-Onone";
			};
			name = Debug;
		};
		95DB7F792EB70977003FE2F7 /* Release */ = {
			isa = XCBuildConfiguration;
			buildSettings = {
				ALWAYS_SEARCH_USER_PATHS = NO;
				ASSETCATALOG_COMPILER_GENERATE_SWIFT_ASSET_SYMBOL_EXTENSIONS = YES;
				CLANG_ANALYZER_NONNULL = YES;
				CLANG_ANALYZER_NUMBER_OBJECT_CONVERSION = YES_AGGRESSIVE;
				CLANG_CXX_LANGUAGE_STANDARD = "gnu++20";
				CLANG_ENABLE_MODULES = YES;
				CLANG_ENABLE_OBJC_ARC = YES;
				CLANG_ENABLE_OBJC_WEAK = YES;
				CLANG_WARN_BLOCK_CAPTURE_AUTORELEASING = YES;
				CLANG_WARN_BOOL_CONVERSION = YES;
				CLANG_WARN_COMMA = YES;
				CLANG_WARN_CONSTANT_CONVERSION = YES;
				CLANG_WARN_DEPRECATED_OBJC_IMPLEMENTATIONS = YES;
				CLANG_WARN_DIRECT_OBJC_ISA_USAGE = YES_ERROR;
				CLANG_WARN_DOCUMENTATION_COMMENTS = YES;
				CLANG_WARN_EMPTY_BODY = YES;
				CLANG_WARN_ENUM_CONVERSION = YES;
				CLANG_WARN_INFINITE_RECURSION = YES;
				CLANG_WARN_INT_CONVERSION = YES;
				CLANG_WARN_NON_LITERAL_NULL_CONVERSION = YES;
				CLANG_WARN_OBJC_IMPLICIT_RETAIN_SELF = YES;
				CLANG_WARN_OBJC_LITERAL_CONVERSION = YES;
				CLANG_WARN_OBJC_ROOT_CLASS = YES_ERROR;
				CLANG_WARN_QUOTED_INCLUDE_IN_FRAMEWORK_HEADER = YES;
				CLANG_WARN_RANGE_LOOP_ANALYSIS = YES;
				CLANG_WARN_STRICT_PROTOTYPES = YES;
				CLANG_WARN_SUSPICIOUS_MOVE = YES;
				CLANG_WARN_UNGUARDED_AVAILABILITY = YES_AGGRESSIVE;
				CLANG_WARN_UNREACHABLE_CODE = YES;
				CLANG_WARN__DUPLICATE_METHOD_MATCH = YES;
				COPY_PHASE_STRIP = NO;
				DEBUG_INFORMATION_FORMAT = "dwarf-with-dsym";
				DEVELOPMENT_TEAM = AM6A64NDM6;
				ENABLE_NS_ASSERTIONS = NO;
				ENABLE_STRICT_OBJC_MSGSEND = YES;
				ENABLE_USER_SCRIPT_SANDBOXING = YES;
				GCC_C_LANGUAGE_STANDARD = gnu17;
				GCC_NO_COMMON_BLOCKS = YES;
				GCC_WARN_64_TO_32_BIT_CONVERSION = YES;
				GCC_WARN_ABOUT_RETURN_TYPE = YES_ERROR;
				GCC_WARN_UNDECLARED_SELECTOR = YES;
				GCC_WARN_UNINITIALIZED_AUTOS = YES_AGGRESSIVE;
				GCC_WARN_UNUSED_FUNCTION = YES;
				GCC_WARN_UNUSED_VARIABLE = YES;
				IPHONEOS_DEPLOYMENT_TARGET = 18.5;
				LOCALIZATION_PREFERS_STRING_CATALOGS = YES;
				MTL_ENABLE_DEBUG_INFO = NO;
				MTL_FAST_MATH = YES;
				SDKROOT = iphoneos;
				SWIFT_COMPILATION_MODE = wholemodule;
				VALIDATE_PRODUCT = YES;
			};
			name = Release;
		};
/* End XCBuildConfiguration section */

/* Begin XCConfigurationList section */
		95DB7F472EB70976003FE2F7 /* Build configuration list for PBXProject "Construkt" */ = {
			isa = XCConfigurationList;
			buildConfigurations = (
				95DB7F782EB70977003FE2F7 /* Debug */,
				95DB7F792EB70977003FE2F7 /* Release */,
			);
			defaultConfigurationIsVisible = 0;
			defaultConfigurationName = Release;
		};
		95DB7F752EB70977003FE2F7 /* Build configuration list for PBXNativeTarget "Construkt" */ = {
			isa = XCConfigurationList;
			buildConfigurations = (
				95DB7F762EB70977003FE2F7 /* Debug */,
				95DB7F772EB70977003FE2F7 /* Release */,
			);
			defaultConfigurationIsVisible = 0;
			defaultConfigurationName = Release;
		};
/* End XCConfigurationList section */

/* Begin XCRemoteSwiftPackageReference section */
		045B72E92F308B2C0057CC0B /* XCRemoteSwiftPackageReference "SnapKit" */ = {
			isa = XCRemoteSwiftPackageReference;
			repositoryURL = "https://github.com/SnapKit/SnapKit";
			requirement = {
				kind = upToNextMajorVersion;
				minimumVersion = 5.7.1;
			};
		};
		04B9BF252F2C9ED9006EB671 /* XCRemoteSwiftPackageReference "RxSwift" */ = {
			isa = XCRemoteSwiftPackageReference;
			repositoryURL = "https://github.com/ReactiveX/RxSwift.git";
			requirement = {
				kind = exactVersion;
				version = 6.10.1;
			};
		};
		04B9BF272F2C9ED9006EB671 /* XCRemoteSwiftPackageReference "Factory" */ = {
			isa = XCRemoteSwiftPackageReference;
			repositoryURL = "https://github.com/hmlongco/Factory.git";
			requirement = {
				kind = exactVersion;
				version = 1.3.7;
			};
		};
/* End XCRemoteSwiftPackageReference section */

/* Begin XCSwiftPackageProductDependency section */
		045B72EA2F308B2C0057CC0B /* SnapKit */ = {
			isa = XCSwiftPackageProductDependency;
			package = 045B72E92F308B2C0057CC0B /* XCRemoteSwiftPackageReference "SnapKit" */;
			productName = SnapKit;
		};
		04B9BF262F2C9ED9006EB671 /* RxSwift */ = {
			isa = XCSwiftPackageProductDependency;
			package = 04B9BF252F2C9ED9006EB671 /* XCRemoteSwiftPackageReference "RxSwift" */;
			productName = RxSwift;
		};
		04B9BF282F2C9ED9006EB671 /* Factory */ = {
			isa = XCSwiftPackageProductDependency;
			package = 04B9BF272F2C9ED9006EB671 /* XCRemoteSwiftPackageReference "Factory" */;
			productName = Factory;
		};
		04B9BF292F2C9ED9006EB671 /* RxCocoa */ = {
			isa = XCSwiftPackageProductDependency;
			package = 04B9BF252F2C9ED9006EB671 /* XCRemoteSwiftPackageReference "RxSwift" */;
			productName = RxCocoa;
		};
/* End XCSwiftPackageProductDependency section */
	};
	rootObject = 95DB7F442EB70976003FE2F7 /* Project object */;
}
